
Microsoft Visual Studio Solution File, Format Version 12.00
# Visual Studio Version 17
VisualStudioVersion = 17.3.32901.215
MinimumVisualStudioVersion = 10.0.40219.1
Project("{2150E333-8FDC-42A3-9474-1A3956D46DE8}") = "SampleClient", "SampleClient", "{0473E939-80A8-4CF2-81A6-64DE7A9A5E1A}"
EndProject
Project("{2150E333-8FDC-42A3-9474-1A3956D46DE8}") = "Tools", "Tools", "{5B04146A-A4BB-45AC-82DB-00DD33216FAF}"
EndProject
Project("{2150E333-8FDC-42A3-9474-1A3956D46DE8}") = "MergeCacheFiles", "MergeCacheFiles", "{659563D8-4FB0-478B-907A-FA379455FA89}"
EndProject
Project("{9A19103F-16F7-4668-BE54-9A1E7A4F7556}") = "CastCrewEdit2", "CastCrewEdit2\CastCrewEdit2\CastCrewEdit2\CastCrewEdit2.csproj", "{FF2B79D8-3E3D-47F2-B3B6-0CF9F6902372}"
EndProject
Project("{778DAE3C-4631-46EA-AA77-85C1314464D9}") = "CastCrewEdit2Adapter", "CastCrewEdit2\CastCrewEdit2\CastCrewEdit2Adapter\CastCrewEdit2Adapter.vbproj", "{C65D2EEC-45B1-40B4-9246-22DFFBAEE256}"
EndProject
Project("{9A19103F-16F7-4668-BE54-9A1E7A4F7556}") = "CastCrewEdit2Library", "CastCrewEdit2\CastCrewEdit2Library\CastCrewEdit2Library.csproj", "{287660C9-FD98-457D-A652-702F754D4033}"
EndProject
Project("{778DAE3C-4631-46EA-AA77-85C1314464D9}") = "CastCrewEdit2Observer", "CastCrewEdit2\CastCrewEdit2Observer\CastCrewEdit2Observer.vbproj", "{9D9AAB44-7DC1-4A3B-BD5B-0AFCB5D27A5C}"
EndProject
Project("{9A19103F-16F7-4668-BE54-9A1E7A4F7556}") = "MergeCacheFilesLib", "CastCrewEdit2\MergeCacheFiles\MergeCacheFilesLib\MergeCacheFilesLib.csproj", "{798B664F-55B8-4270-88DF-9C416CFCE277}"
EndProject
Project("{9A19103F-16F7-4668-BE54-9A1E7A4F7556}") = "MergeCacheFilesForms", "CastCrewEdit2\MergeCacheFiles\MergeCacheFilesForms\MergeCacheFilesForms.csproj", "{FF78512A-05DC-4622-8FE1-09C9761BC8EA}"
EndProject
Project("{9A19103F-16F7-4668-BE54-9A1E7A4F7556}") = "MergeCacheFilesWPF", "CastCrewEdit2\MergeCacheFiles\MergeCacheFilesWPF\MergeCacheFilesWPF.csproj", "{D746984B-6425-4D95-8662-B458B98288A7}"
EndProject
Project("{9A19103F-16F7-4668-BE54-9A1E7A4F7556}") = "CheckForDuplicatesInCastCrewEdit2Cache", "CastCrewEdit2\CheckForDuplicatesInCastCrewEdit2Cache\CheckForDuplicatesInCastCrewEdit2Cache.csproj", "{5E597E0A-62CA-44A4-8F59-462088012A52}"
EndProject
Project("{9A19103F-16F7-4668-BE54-9A1E7A4F7556}") = "CompareProfilerXMLAndCastCrewEdit2Cache", "CastCrewEdit2\CompareProfilerXMLAndCastCrewEdit2Cache\CompareProfilerXMLAndCastCrewEdit2Cache.csproj", "{FF4D14CB-0919-436E-BC1B-885491453B0A}"
EndProject
Project("{9A19103F-16F7-4668-BE54-9A1E7A4F7556}") = "ConvertCastCrewEdit2PersonFile", "CastCrewEdit2\ConvertCastCrewEdit2PersonFile\ConvertCastCrewEdit2PersonFile.csproj", "{6171E33E-117E-4AED-85C7-93ADF7D01EAA}"
EndProject
Project("{9A19103F-16F7-4668-BE54-9A1E7A4F7556}") = "EditIMDbToDVDProfilerCrewRoleTransformation", "CastCrewEdit2\EditIMDbToDVDProfilerCrewRoleTransformation\EditIMDbToDVDProfilerCrewRoleTransformation.csproj", "{004AF11A-7FFF-4CC4-8FB0-590A256D578E}"
EndProject
Project("{2150E333-8FDC-42A3-9474-1A3956D46DE8}") = "UnitTest", "UnitTest", "{675CA1E2-2FC3-4567-9D76-AF4900B5A6D3}"
EndProject
Project("{9A19103F-16F7-4668-BE54-9A1E7A4F7556}") = "FindMergedCastCrew", "CastCrewEdit2\FindMergedCastCrew\FindMergedCastCrew.csproj", "{3261FC2E-60B3-4333-A775-FF49950CC0FE}"
EndProject
Project("{9A19103F-16F7-4668-BE54-9A1E7A4F7556}") = "UnitTests", "CastCrewEdit2\CastCrewEdit2\UnitTests\UnitTests.csproj", "{1A9D26DE-2040-4AE9-A6A5-43AFD13C16A3}"
EndProject
Global
	GlobalSection(SolutionConfigurationPlatforms) = preSolution
		Debug|x64 = Debug|x64
		Release|x64 = Release|x64
		UnitTest|x64 = UnitTest|x64
	EndGlobalSection
	GlobalSection(ProjectConfigurationPlatforms) = postSolution
		{FF2B79D8-3E3D-47F2-B3B6-0CF9F6902372}.Debug|x64.ActiveCfg = Debug|x64
		{FF2B79D8-3E3D-47F2-B3B6-0CF9F6902372}.Debug|x64.Build.0 = Debug|x64
		{FF2B79D8-3E3D-47F2-B3B6-0CF9F6902372}.Release|x64.ActiveCfg = Release|x64
		{FF2B79D8-3E3D-47F2-B3B6-0CF9F6902372}.Release|x64.Build.0 = Release|x64
		{FF2B79D8-3E3D-47F2-B3B6-0CF9F6902372}.UnitTest|x64.ActiveCfg = UnitTest|x64
		{FF2B79D8-3E3D-47F2-B3B6-0CF9F6902372}.UnitTest|x64.Build.0 = UnitTest|x64
		{C65D2EEC-45B1-40B4-9246-22DFFBAEE256}.Debug|x64.ActiveCfg = Debug|x64
		{C65D2EEC-45B1-40B4-9246-22DFFBAEE256}.Debug|x64.Build.0 = Debug|x64
		{C65D2EEC-45B1-40B4-9246-22DFFBAEE256}.Release|x64.ActiveCfg = Release|x64
		{C65D2EEC-45B1-40B4-9246-22DFFBAEE256}.Release|x64.Build.0 = Release|x64
		{C65D2EEC-45B1-40B4-9246-22DFFBAEE256}.UnitTest|x64.ActiveCfg = Debug|x64
		{C65D2EEC-45B1-40B4-9246-22DFFBAEE256}.UnitTest|x64.Build.0 = Debug|x64
		{287660C9-FD98-457D-A652-702F754D4033}.Debug|x64.ActiveCfg = Debug|x64
		{287660C9-FD98-457D-A652-702F754D4033}.Debug|x64.Build.0 = Debug|x64
		{287660C9-FD98-457D-A652-702F754D4033}.Release|x64.ActiveCfg = Release|x64
		{287660C9-FD98-457D-A652-702F754D4033}.Release|x64.Build.0 = Release|x64
		{287660C9-FD98-457D-A652-702F754D4033}.UnitTest|x64.ActiveCfg = Debug|x64
		{287660C9-FD98-457D-A652-702F754D4033}.UnitTest|x64.Build.0 = Debug|x64
		{9D9AAB44-7DC1-4A3B-BD5B-0AFCB5D27A5C}.Debug|x64.ActiveCfg = Debug|x64
		{9D9AAB44-7DC1-4A3B-BD5B-0AFCB5D27A5C}.Debug|x64.Build.0 = Debug|x64
		{9D9AAB44-7DC1-4A3B-BD5B-0AFCB5D27A5C}.Release|x64.ActiveCfg = Release|x64
		{9D9AAB44-7DC1-4A3B-BD5B-0AFCB5D27A5C}.Release|x64.Build.0 = Release|x64
		{9D9AAB44-7DC1-4A3B-BD5B-0AFCB5D27A5C}.UnitTest|x64.ActiveCfg = Debug|x64
		{9D9AAB44-7DC1-4A3B-BD5B-0AFCB5D27A5C}.UnitTest|x64.Build.0 = Debug|x64
		{798B664F-55B8-4270-88DF-9C416CFCE277}.Debug|x64.ActiveCfg = Debug|x64
		{798B664F-55B8-4270-88DF-9C416CFCE277}.Debug|x64.Build.0 = Debug|x64
		{798B664F-55B8-4270-88DF-9C416CFCE277}.Release|x64.ActiveCfg = Release|x64
		{798B664F-55B8-4270-88DF-9C416CFCE277}.Release|x64.Build.0 = Release|x64
		{798B664F-55B8-4270-88DF-9C416CFCE277}.UnitTest|x64.ActiveCfg = Debug|x64
		{798B664F-55B8-4270-88DF-9C416CFCE277}.UnitTest|x64.Build.0 = Debug|x64
		{FF78512A-05DC-4622-8FE1-09C9761BC8EA}.Debug|x64.ActiveCfg = Debug|x64
		{FF78512A-05DC-4622-8FE1-09C9761BC8EA}.Debug|x64.Build.0 = Debug|x64
		{FF78512A-05DC-4622-8FE1-09C9761BC8EA}.Release|x64.ActiveCfg = Release|x64
		{FF78512A-05DC-4622-8FE1-09C9761BC8EA}.Release|x64.Build.0 = Release|x64
		{FF78512A-05DC-4622-8FE1-09C9761BC8EA}.UnitTest|x64.ActiveCfg = Debug|x64
		{FF78512A-05DC-4622-8FE1-09C9761BC8EA}.UnitTest|x64.Build.0 = Debug|x64
		{D746984B-6425-4D95-8662-B458B98288A7}.Debug|x64.ActiveCfg = Debug|x64
		{D746984B-6425-4D95-8662-B458B98288A7}.Debug|x64.Build.0 = Debug|x64
		{D746984B-6425-4D95-8662-B458B98288A7}.Release|x64.ActiveCfg = Release|x64
		{D746984B-6425-4D95-8662-B458B98288A7}.Release|x64.Build.0 = Release|x64
		{D746984B-6425-4D95-8662-B458B98288A7}.UnitTest|x64.ActiveCfg = Debug|x64
		{D746984B-6425-4D95-8662-B458B98288A7}.UnitTest|x64.Build.0 = Debug|x64
		{5E597E0A-62CA-44A4-8F59-462088012A52}.Debug|x64.ActiveCfg = Debug|x64
		{5E597E0A-62CA-44A4-8F59-462088012A52}.Debug|x64.Build.0 = Debug|x64
		{5E597E0A-62CA-44A4-8F59-462088012A52}.Release|x64.ActiveCfg = Release|x64
		{5E597E0A-62CA-44A4-8F59-462088012A52}.Release|x64.Build.0 = Release|x64
		{5E597E0A-62CA-44A4-8F59-462088012A52}.UnitTest|x64.ActiveCfg = Debug|x64
		{5E597E0A-62CA-44A4-8F59-462088012A52}.UnitTest|x64.Build.0 = Debug|x64
		{FF4D14CB-0919-436E-BC1B-885491453B0A}.Debug|x64.ActiveCfg = Debug|x64
		{FF4D14CB-0919-436E-BC1B-885491453B0A}.Debug|x64.Build.0 = Debug|x64
		{FF4D14CB-0919-436E-BC1B-885491453B0A}.Release|x64.ActiveCfg = Release|x64
		{FF4D14CB-0919-436E-BC1B-885491453B0A}.Release|x64.Build.0 = Release|x64
		{FF4D14CB-0919-436E-BC1B-885491453B0A}.UnitTest|x64.ActiveCfg = Debug|x64
		{FF4D14CB-0919-436E-BC1B-885491453B0A}.UnitTest|x64.Build.0 = Debug|x64
		{6171E33E-117E-4AED-85C7-93ADF7D01EAA}.Debug|x64.ActiveCfg = Debug|x64
		{6171E33E-117E-4AED-85C7-93ADF7D01EAA}.Debug|x64.Build.0 = Debug|x64
		{6171E33E-117E-4AED-85C7-93ADF7D01EAA}.Release|x64.ActiveCfg = Release|x64
		{6171E33E-117E-4AED-85C7-93ADF7D01EAA}.Release|x64.Build.0 = Release|x64
		{6171E33E-117E-4AED-85C7-93ADF7D01EAA}.UnitTest|x64.ActiveCfg = Debug|x64
		{6171E33E-117E-4AED-85C7-93ADF7D01EAA}.UnitTest|x64.Build.0 = Debug|x64
		{004AF11A-7FFF-4CC4-8FB0-590A256D578E}.Debug|x64.ActiveCfg = Debug|x64
		{004AF11A-7FFF-4CC4-8FB0-590A256D578E}.Debug|x64.Build.0 = Debug|x64
		{004AF11A-7FFF-4CC4-8FB0-590A256D578E}.Release|x64.ActiveCfg = Release|x64
		{004AF11A-7FFF-4CC4-8FB0-590A256D578E}.Release|x64.Build.0 = Release|x64
		{004AF11A-7FFF-4CC4-8FB0-590A256D578E}.UnitTest|x64.ActiveCfg = Debug|x64
		{004AF11A-7FFF-4CC4-8FB0-590A256D578E}.UnitTest|x64.Build.0 = Debug|x64
		{3261FC2E-60B3-4333-A775-FF49950CC0FE}.Debug|x64.ActiveCfg = Debug|x64
		{3261FC2E-60B3-4333-A775-FF49950CC0FE}.Debug|x64.Build.0 = Debug|x64
		{3261FC2E-60B3-4333-A775-FF49950CC0FE}.Release|x64.ActiveCfg = Release|x64
		{3261FC2E-60B3-4333-A775-FF49950CC0FE}.Release|x64.Build.0 = Release|x64
		{3261FC2E-60B3-4333-A775-FF49950CC0FE}.UnitTest|x64.ActiveCfg = Debug|x64
		{3261FC2E-60B3-4333-A775-FF49950CC0FE}.UnitTest|x64.Build.0 = Debug|x64
		{1A9D26DE-2040-4AE9-A6A5-43AFD13C16A3}.Debug|x64.ActiveCfg = Debug|x64
		{1A9D26DE-2040-4AE9-A6A5-43AFD13C16A3}.Release|x64.ActiveCfg = Release|x64
		{1A9D26DE-2040-4AE9-A6A5-43AFD13C16A3}.UnitTest|x64.ActiveCfg = UnitTest|x64
		{1A9D26DE-2040-4AE9-A6A5-43AFD13C16A3}.UnitTest|x64.Build.0 = UnitTest|x64
	EndGlobalSection
	GlobalSection(SolutionProperties) = preSolution
		HideSolutionNode = FALSE
	EndGlobalSection
	GlobalSection(NestedProjects) = preSolution
		{659563D8-4FB0-478B-907A-FA379455FA89} = {5B04146A-A4BB-45AC-82DB-00DD33216FAF}
		{9D9AAB44-7DC1-4A3B-BD5B-0AFCB5D27A5C} = {0473E939-80A8-4CF2-81A6-64DE7A9A5E1A}
		{798B664F-55B8-4270-88DF-9C416CFCE277} = {659563D8-4FB0-478B-907A-FA379455FA89}
		{FF78512A-05DC-4622-8FE1-09C9761BC8EA} = {659563D8-4FB0-478B-907A-FA379455FA89}
		{D746984B-6425-4D95-8662-B458B98288A7} = {659563D8-4FB0-478B-907A-FA379455FA89}
		{5E597E0A-62CA-44A4-8F59-462088012A52} = {5B04146A-A4BB-45AC-82DB-00DD33216FAF}
		{FF4D14CB-0919-436E-BC1B-885491453B0A} = {5B04146A-A4BB-45AC-82DB-00DD33216FAF}
		{6171E33E-117E-4AED-85C7-93ADF7D01EAA} = {5B04146A-A4BB-45AC-82DB-00DD33216FAF}
		{004AF11A-7FFF-4CC4-8FB0-590A256D578E} = {5B04146A-A4BB-45AC-82DB-00DD33216FAF}
		{3261FC2E-60B3-4333-A775-FF49950CC0FE} = {5B04146A-A4BB-45AC-82DB-00DD33216FAF}
		{1A9D26DE-2040-4AE9-A6A5-43AFD13C16A3} = {675CA1E2-2FC3-4567-9D76-AF4900B5A6D3}
	EndGlobalSection
	GlobalSection(ExtensibilityGlobals) = postSolution
		SolutionGuid = {2FF38E8F-2D72-4551-820E-B415CF4F8F6E}
	EndGlobalSection
EndGlobal
